PODS:
  - Capacitor (7.2.0):
    - CapacitorCordova
  - CapacitorCordova (7.2.0)
  - CapacitorPluginHealthkit (0.1.0):
    - Capacitor

DEPENDENCIES:
  - "Capacitor (from `../../node_modules/@capacitor/ios`)"
  - "CapacitorCordova (from `../../node_modules/@capacitor/ios`)"
  - CapacitorPluginHealthkit (from `../../plugins/capacitor-healthkit`)

EXTERNAL SOURCES:
  Capacitor:
    :path: "../../node_modules/@capacitor/ios"
  CapacitorCordova:
    :path: "../../node_modules/@capacitor/ios"
  CapacitorPluginHealthkit:
    :path: "../../plugins/capacitor-healthkit"

SPEC CHECKSUMS:
  Capacitor: 03bc7cbdde6a629a8b910a9d7d78c3cc7ed09ea7
  CapacitorCordova: 5967b9ba03915ef1d585469d6e31f31dc49be96f
  CapacitorPluginHealthkit: 4c5f49118c5c8a3c0049ea9601dd93db17a4a418

PODFILE CHECKSUM: 9e6e2f01a6328aaea3c699ee63094b3f9cc02b59

COCOAPODS: 1.16.2
